
Microsoft Visual Studio Solution File, Format Version 12.00
# Visual Studio 15
VisualStudioVersion = 15.0.27703.2042
MinimumVisualStudioVersion = 10.0.40219.1
Project("{FAE04EC0-301F-11D3-BF4B-00C04F79EFBC}") = "MyHousekeepingBook", "MyHousekeepingBook\MyHousekeepingBook.csproj", "{C5D24D88-9A25-4969-B247-70573CEF46CD}"
EndProject
Global
	GlobalSection(SolutionConfigurationPlatforms) = preSolution
		Debug|Any CPU = Debug|Any CPU
		Release|Any CPU = Release|Any CPU
	EndGlobalSection
	GlobalSection(ProjectConfigurationPlatforms) = postSolution
		{C5D24D88-9A25-4969-B247-70573CEF46CD}.Debug|Any CPU.ActiveCfg = Debug|Any CPU
		{C5D24D88-9A25-4969-B247-70573CEF46CD}.Debug|Any CPU.Build.0 = Debug|Any CPU
		{C5D24D88-9A25-4969-B247-70573CEF46CD}.Release|Any CPU.ActiveCfg = Release|Any CPU
		{C5D24D88-9A25-4969-B247-70573CEF46CD}.Release|Any CPU.Build.0 = Release|Any CPU
	EndGlobalSection
	GlobalSection(SolutionProperties) = preSolution
		HideSolutionNode = FALSE
	EndGlobalSection
	GlobalSection(ExtensibilityGlobals) = postSolution
		SolutionGuid = {28A1893B-6A4A-43DA-A924-4A79E6B170CF}
	EndGlobalSection
EndGlobal
